
Microsoft Visual Studio Solution File, Format Version 12.00
# Visual Studio Version 16
VisualStudioVersion = 16.0.29911.84
MinimumVisualStudioVersion = 10.0.40219.1
Project("{FAE04EC0-301F-11D3-BF4B-00C04F79EFBC}") = "Day1", "Day1.csproj", "{FAE16085-D80F-46AB-AEAB-3C3284F93F58}"
EndProject
Global
	GlobalSection(SolutionConfigurationPlatforms) = preSolution
		Debug|Any CPU = Debug|Any CPU
		Release|Any CPU = Release|Any CPU
	EndGlobalSection
	GlobalSection(ProjectConfigurationPlatforms) = postSolution
		{FAE16085-D80F-46AB-AEAB-3C3284F93F58}.Debug|Any CPU.ActiveCfg = Debug|Any CPU
		{FAE16085-D80F-46AB-AEAB-3C3284F93F58}.Debug|Any CPU.Build.0 = Debug|Any CPU
		{FAE16085-D80F-46AB-AEAB-3C3284F93F58}.Release|Any CPU.ActiveCfg = Release|Any CPU
		{FAE16085-D80F-46AB-AEAB-3C3284F93F58}.Release|Any CPU.Build.0 = Release|Any CPU
	EndGlobalSection
	GlobalSection(SolutionProperties) = preSolution
		HideSolutionNode = FALSE
	EndGlobalSection
	GlobalSection(ExtensibilityGlobals) = postSolution
		SolutionGuid = {E6FEDA51-F208-4A21-9EAE-EA56F66BD7A8}
	EndGlobalSection
EndGlobal
