
Microsoft Visual Studio Solution File, Format Version 12.00
# Visual Studio Version 16
VisualStudioVersion = 16.0.29911.84
MinimumVisualStudioVersion = 10.0.40219.1
Project("{FAE04EC0-301F-11D3-BF4B-00C04F79EFBC}") = "Day26", "Day26.csproj", "{671CE526-38F4-4443-A503-4644B8593E3F}"
EndProject
Global
	GlobalSection(SolutionConfigurationPlatforms) = preSolution
		Debug|Any CPU = Debug|Any CPU
		Release|Any CPU = Release|Any CPU
	EndGlobalSection
	GlobalSection(ProjectConfigurationPlatforms) = postSolution
		{671CE526-38F4-4443-A503-4644B8593E3F}.Debug|Any CPU.ActiveCfg = Debug|Any CPU
		{671CE526-38F4-4443-A503-4644B8593E3F}.Debug|Any CPU.Build.0 = Debug|Any CPU
		{671CE526-38F4-4443-A503-4644B8593E3F}.Release|Any CPU.ActiveCfg = Release|Any CPU
		{671CE526-38F4-4443-A503-4644B8593E3F}.Release|Any CPU.Build.0 = Release|Any CPU
	EndGlobalSection
	GlobalSection(SolutionProperties) = preSolution
		HideSolutionNode = FALSE
	EndGlobalSection
	GlobalSection(ExtensibilityGlobals) = postSolution
		SolutionGuid = {7A5BD1D5-DFEA-44CF-AB56-DAAE8B9A3AC9}
	EndGlobalSection
EndGlobal
