
Microsoft Visual Studio Solution File, Format Version 12.00
# Visual Studio Version 16
VisualStudioVersion = 16.0.29911.84
MinimumVisualStudioVersion = 10.0.40219.1
Project("{FAE04EC0-301F-11D3-BF4B-00C04F79EFBC}") = "Day21", "Day21.csproj", "{CD817CB9-3137-4C53-80D7-8573BDFD6038}"
EndProject
Global
	GlobalSection(SolutionConfigurationPlatforms) = preSolution
		Debug|Any CPU = Debug|Any CPU
		Release|Any CPU = Release|Any CPU
	EndGlobalSection
	GlobalSection(ProjectConfigurationPlatforms) = postSolution
		{CD817CB9-3137-4C53-80D7-8573BDFD6038}.Debug|Any CPU.ActiveCfg = Debug|Any CPU
		{CD817CB9-3137-4C53-80D7-8573BDFD6038}.Debug|Any CPU.Build.0 = Debug|Any CPU
		{CD817CB9-3137-4C53-80D7-8573BDFD6038}.Release|Any CPU.ActiveCfg = Release|Any CPU
		{CD817CB9-3137-4C53-80D7-8573BDFD6038}.Release|Any CPU.Build.0 = Release|Any CPU
	EndGlobalSection
	GlobalSection(SolutionProperties) = preSolution
		HideSolutionNode = FALSE
	EndGlobalSection
	GlobalSection(ExtensibilityGlobals) = postSolution
		SolutionGuid = {E22C1C49-E053-4A39-B407-22795C510D42}
	EndGlobalSection
EndGlobal
