
Microsoft Visual Studio Solution File, Format Version 12.00
# Visual Studio Version 16
VisualStudioVersion = 16.0.29911.84
MinimumVisualStudioVersion = 10.0.40219.1
Project("{FAE04EC0-301F-11D3-BF4B-00C04F79EFBC}") = "Day28", "Day28.csproj", "{399F12DF-8E13-437A-859E-E3BE9CF55AA2}"
EndProject
Global
	GlobalSection(SolutionConfigurationPlatforms) = preSolution
		Debug|Any CPU = Debug|Any CPU
		Release|Any CPU = Release|Any CPU
	EndGlobalSection
	GlobalSection(ProjectConfigurationPlatforms) = postSolution
		{399F12DF-8E13-437A-859E-E3BE9CF55AA2}.Debug|Any CPU.ActiveCfg = Debug|Any CPU
		{399F12DF-8E13-437A-859E-E3BE9CF55AA2}.Debug|Any CPU.Build.0 = Debug|Any CPU
		{399F12DF-8E13-437A-859E-E3BE9CF55AA2}.Release|Any CPU.ActiveCfg = Release|Any CPU
		{399F12DF-8E13-437A-859E-E3BE9CF55AA2}.Release|Any CPU.Build.0 = Release|Any CPU
	EndGlobalSection
	GlobalSection(SolutionProperties) = preSolution
		HideSolutionNode = FALSE
	EndGlobalSection
	GlobalSection(ExtensibilityGlobals) = postSolution
		SolutionGuid = {C5A703AF-5FC4-41EA-A61E-D6ABB2994CB4}
	EndGlobalSection
EndGlobal
