
Microsoft Visual Studio Solution File, Format Version 12.00
# Visual Studio Version 16
VisualStudioVersion = 16.0.29911.84
MinimumVisualStudioVersion = 10.0.40219.1
Project("{FAE04EC0-301F-11D3-BF4B-00C04F79EFBC}") = "Day3", "Day3.csproj", "{C002919D-FFD5-48D8-8DCF-FC45F6CE83D5}"
EndProject
Global
	GlobalSection(SolutionConfigurationPlatforms) = preSolution
		Debug|Any CPU = Debug|Any CPU
		Release|Any CPU = Release|Any CPU
	EndGlobalSection
	GlobalSection(ProjectConfigurationPlatforms) = postSolution
		{C002919D-FFD5-48D8-8DCF-FC45F6CE83D5}.Debug|Any CPU.ActiveCfg = Debug|Any CPU
		{C002919D-FFD5-48D8-8DCF-FC45F6CE83D5}.Debug|Any CPU.Build.0 = Debug|Any CPU
		{C002919D-FFD5-48D8-8DCF-FC45F6CE83D5}.Release|Any CPU.ActiveCfg = Release|Any CPU
		{C002919D-FFD5-48D8-8DCF-FC45F6CE83D5}.Release|Any CPU.Build.0 = Release|Any CPU
	EndGlobalSection
	GlobalSection(SolutionProperties) = preSolution
		HideSolutionNode = FALSE
	EndGlobalSection
	GlobalSection(ExtensibilityGlobals) = postSolution
		SolutionGuid = {81730037-8AF6-4F13-9078-49E5CDE7F15B}
	EndGlobalSection
EndGlobal
