
Microsoft Visual Studio Solution File, Format Version 12.00
# Visual Studio Version 16
VisualStudioVersion = 16.0.29911.84
MinimumVisualStudioVersion = 10.0.40219.1
Project("{FAE04EC0-301F-11D3-BF4B-00C04F79EFBC}") = "Day2", "Day2.csproj", "{98F6C94A-FE0A-4CAB-9014-AD1245F10AA5}"
EndProject
Global
	GlobalSection(SolutionConfigurationPlatforms) = preSolution
		Debug|Any CPU = Debug|Any CPU
		Release|Any CPU = Release|Any CPU
	EndGlobalSection
	GlobalSection(ProjectConfigurationPlatforms) = postSolution
		{98F6C94A-FE0A-4CAB-9014-AD1245F10AA5}.Debug|Any CPU.ActiveCfg = Debug|Any CPU
		{98F6C94A-FE0A-4CAB-9014-AD1245F10AA5}.Debug|Any CPU.Build.0 = Debug|Any CPU
		{98F6C94A-FE0A-4CAB-9014-AD1245F10AA5}.Release|Any CPU.ActiveCfg = Release|Any CPU
		{98F6C94A-FE0A-4CAB-9014-AD1245F10AA5}.Release|Any CPU.Build.0 = Release|Any CPU
	EndGlobalSection
	GlobalSection(SolutionProperties) = preSolution
		HideSolutionNode = FALSE
	EndGlobalSection
	GlobalSection(ExtensibilityGlobals) = postSolution
		SolutionGuid = {A86B2E51-5A45-4187-88FF-E9079D88327E}
	EndGlobalSection
EndGlobal
