
Microsoft Visual Studio Solution File, Format Version 12.00
# Visual Studio Version 16
VisualStudioVersion = 16.0.29911.84
MinimumVisualStudioVersion = 10.0.40219.1
Project("{FAE04EC0-301F-11D3-BF4B-00C04F79EFBC}") = "Day16", "Day16.csproj", "{664CDD83-0E8A-4BE9-A125-E05E65A02C21}"
EndProject
Global
	GlobalSection(SolutionConfigurationPlatforms) = preSolution
		Debug|Any CPU = Debug|Any CPU
		Release|Any CPU = Release|Any CPU
	EndGlobalSection
	GlobalSection(ProjectConfigurationPlatforms) = postSolution
		{664CDD83-0E8A-4BE9-A125-E05E65A02C21}.Debug|Any CPU.ActiveCfg = Debug|Any CPU
		{664CDD83-0E8A-4BE9-A125-E05E65A02C21}.Debug|Any CPU.Build.0 = Debug|Any CPU
		{664CDD83-0E8A-4BE9-A125-E05E65A02C21}.Release|Any CPU.ActiveCfg = Release|Any CPU
		{664CDD83-0E8A-4BE9-A125-E05E65A02C21}.Release|Any CPU.Build.0 = Release|Any CPU
	EndGlobalSection
	GlobalSection(SolutionProperties) = preSolution
		HideSolutionNode = FALSE
	EndGlobalSection
	GlobalSection(ExtensibilityGlobals) = postSolution
		SolutionGuid = {453A0600-5D7A-45C4-B878-D5AE036597AC}
	EndGlobalSection
EndGlobal
